// !$*UTF8*$!
{
	archiveVersion = 1;
	classes = {
	};
	objectVersion = 46;
	objects = {

/* Begin PBXBuildFile section */
		67F9EFB41CA4D9400037BEBB /* AppDelegate.swift in Sources */ = {isa = PBXBuildFile; fileRef = 67F9EFB31CA4D9400037BEBB /* AppDelegate.swift */; };
		67F9EFB91CA4D9400037BEBB /* Main.storyboard in Resources */ = {isa = PBXBuildFile; fileRef = 67F9EFB71CA4D9400037BEBB /* Main.storyboard */; };
		67F9EFBB1CA4D9400037BEBB /* Assets.xcassets in Resources */ = {isa = PBXBuildFile; fileRef = 67F9EFBA1CA4D9400037BEBB /* Assets.xcassets */; };
		67F9EFBE1CA4D9400037BEBB /* LaunchScreen.storyboard in Resources */ = {isa = PBXBuildFile; fileRef = 67F9EFBC1CA4D9400037BEBB /* LaunchScreen.storyboard */; };
		67F9EFC61CA4DA0A0037BEBB /* CardsViewController.swift in Sources */ = {isa = PBXBuildFile; fileRef = 67F9EFC51CA4DA0A0037BEBB /* CardsViewController.swift */; };
/* End PBXBuildFile section */

/* Begin PBXFileReference section */
		67F9EFB01CA4D9400037BEBB /* TinderLab.app */ = {isa = PBXFileReference; explicitFileType = wrapper.application; includeInIndex = 0; path = TinderLab.app; sourceTree = BUILT_PRODUCTS_DIR; };
		67F9EFB31CA4D9400037BEBB /* AppDelegate.swift */ = {isa = PBXFileReference; lastKnownFileType = sourcecode.swift; path = AppDelegate.swift; sourceTree = "<group>"; };
		67F9EFB81CA4D9400037BEBB /* Base */ = {isa = PBXFileReference; lastKnownFileType = file.storyboard; name = Base; path = Base.lproj/Main.storyboard; sourceTree = "<group>"; };
		67F9EFBA1CA4D9400037BEBB /* Assets.xcassets */ = {isa = PBXFileReference; lastKnownFileType = folder.assetcatalog; path = Assets.xcassets; sourceTree = "<group>"; };
		67F9EFBD1CA4D9400037BEBB /* Base */ = {isa = PBXFileReference; lastKnownFileType = file.storyboard; name = Base; path = Base.lproj/LaunchScreen.storyboard; sourceTree = "<group>"; };
		67F9EFBF1CA4D9400037BEBB /* Info.plist */ = {isa = PBXFileReference; lastKnownFileType = text.plist.xml; path = Info.plist; sourceTree = "<group>"; };
		67F9EFC51CA4DA0A0037BEBB /* CardsViewController.swift */ = {isa = PBXFileReference; fileEncoding = 4; lastKnownFileType = sourcecode.swift; path = CardsViewController.swift; sourceTree = "<group>"; };
/* End PBXFileReference section */

/* Begin PBXFrameworksBuildPhase section */
		67F9EFAD1CA4D9400037BEBB /* Frameworks */ = {
			isa = PBXFrameworksBuildPhase;
			buildActionMask = 2147483647;
			files = (
			);
			runOnlyForDeploymentPostprocessing = 0;
		};
/* End PBXFrameworksBuildPhase section */

/* Begin PBXGroup section */
		67F9EFA71CA4D9400037BEBB = {
			isa = PBXGroup;
			children = (
				67F9EFB21CA4D9400037BEBB /* TinderLab */,
				67F9EFB11CA4D9400037BEBB /* Products */,
			);
			sourceTree = "<group>";
		};
		67F9EFB11CA4D9400037BEBB /* Products */ = {
			isa = PBXGroup;
			children = (
				67F9EFB01CA4D9400037BEBB /* TinderLab.app */,
			);
			name = Products;
			sourceTree = "<group>";
		};
		67F9EFB21CA4D9400037BEBB /* TinderLab */ = {
			isa = PBXGroup;
			children = (
				67F9EFB31CA4D9400037BEBB /* AppDelegate.swift */,
				67F9EFB71CA4D9400037BEBB /* Main.storyboard */,
				67F9EFBA1CA4D9400037BEBB /* Assets.xcassets */,
				67F9EFBC1CA4D9400037BEBB /* LaunchScreen.storyboard */,
				67F9EFBF1CA4D9400037BEBB /* Info.plist */,
				67F9EFC51CA4DA0A0037BEBB /* CardsViewController.swift */,
			);
			path = TinderLab;
			sourceTree = "<group>";
		};
/* End PBXGroup section */

/* Begin PBXNativeTarget section */
		67F9EFAF1CA4D9400037BEBB /* TinderLab */ = {
			isa = PBXNativeTarget;
			buildConfigurationList = 67F9EFC21CA4D9400037BEBB /* Build configuration list for PBXNativeTarget "TinderLab" */;
			buildPhases = (
				67F9EFAC1CA4D9400037BEBB /* Sources */,
				67F9EFAD1CA4D9400037BEBB /* Frameworks */,
				67F9EFAE1CA4D9400037BEBB /* Resources */,
			);
			buildRules = (
			);
			dependencies = (
			);
			name = TinderLab;
			productName = TinderLab;
			productReference = 67F9EFB01CA4D9400037BEBB /* TinderLab.app */;
			productType = "com.apple.product-type.application";
		};
/* End PBXNativeTarget section */

/* Begin PBXProject section */
		67F9EFA81CA4D9400037BEBB /* Project object */ = {
			isa = PBXProject;
			attributes = {
				LastSwiftUpdateCheck = 0730;
				LastUpgradeCheck = 0730;
				ORGANIZATIONNAME = ccsf;
				TargetAttributes = {
					67F9EFAF1CA4D9400037BEBB = {
						CreatedOnToolsVersion = 7.3;
					};
				};
			};
			buildConfigurationList = 67F9EFAB1CA4D9400037BEBB /* Build configuration list for PBXProject "TinderLab" */;
			compatibilityVersion = "Xcode 3.2";
			developmentRegion = English;
			hasScannedForEncodings = 0;
			knownRegions = (
				en,
				Base,
			);
			mainGroup = 67F9EFA71CA4D9400037BEBB;
			productRefGroup = 67F9EFB11CA4D9400037BEBB /* Products */;
			projectDirPath = "";
			projectRoot = "";
			targets = (
				67F9EFAF1CA4D9400037BEBB /* TinderLab */,
			);
		};
/* End PBXProject section */

/* Begin PBXResourcesBuildPhase section */
		67F9EFAE1CA4D9400037BEBB /* Resources */ = {
			isa = PBXResourcesBuildPhase;
			buildActionMask = 2147483647;
			files = (
				67F9EFBE1CA4D9400037BEBB /* LaunchScreen.storyboard in Resources */,
				67F9EFBB1CA4D9400037BEBB /* Assets.xcassets in Resources */,
				67F9EFB91CA4D9400037BEBB /* Main.storyboard in Resources */,
			);
			runOnlyForDeploymentPostprocessing = 0;
		};
/* End PBXResourcesBuildPhase section */

/* Begin PBXSourcesBuildPhase section */
		67F9EFAC1CA4D9400037BEBB /* Sources */ = {
			isa = PBXSourcesBuildPhase;
			buildActionMask = 2147483647;
			files = (
				67F9EFC61CA4DA0A0037BEBB /* CardsViewController.swift in Sources */,
				67F9EFB41CA4D9400037BEBB /* AppDelegate.swift in Sources */,
			);
			runOnlyForDeploymentPostprocessing = 0;
		};
/* End PBXSourcesBuildPhase section */

/* Begin PBXVariantGroup section */
		67F9EFB71CA4D9400037BEBB /* Main.storyboard */ = {
			isa = PBXVariantGroup;
			children = (
				67F9EFB81CA4D9400037BEBB /* Base */,
			);
			name = Main.storyboard;
			sourceTree = "<group>";
		};
		67F9EFBC1CA4D9400037BEBB /* LaunchScreen.storyboard */ = {
			isa = PBXVariantGroup;
			children = (
				67F9EFBD1CA4D9400037BEBB /* Base */,
			);
			name = LaunchScreen.storyboard;
			sourceTree = "<group>";
		};
/* End PBXVariantGroup section */

/* Begin XCBuildConfiguration section */
		67F9EFC01CA4D9400037BEBB /* Debug */ = {
			isa = XCBuildConfiguration;
			buildSettings = {
				ALWAYS_SEARCH_USER_PATHS = NO;
				CLANG_ANALYZER_NONNULL = YES;
				CLANG_CXX_LANGUAGE_STANDARD = "gnu++0x";
				CLANG_CXX_LIBRARY = "libc++";
				CLANG_ENABLE_MODULES = YES;
				CLANG_ENABLE_OBJC_ARC = YES;
				CLANG_WARN_BOOL_CONVERSION = YES;
				CLANG_WARN_CONSTANT_CONVERSION = YES;
				CLANG_WARN_DIRECT_OBJC_ISA_USAGE = YES_ERROR;
				CLANG_WARN_EMPTY_BODY = YES;
				CLANG_WARN_ENUM_CONVERSION = YES;
				CLANG_WARN_INT_CONVERSION = YES;
				CLANG_WARN_OBJC_ROOT_CLASS = YES_ERROR;
				CLANG_WARN_UNREACHABLE_CODE = YES;
				CLANG_WARN__DUPLICATE_METHOD_MATCH = YES;
				"CODE_SIGN_IDENTITY[sdk=iphoneos*]" = "iPhone Developer";
				COPY_PHASE_STRIP = NO;
				DEBUG_INFORMATION_FORMAT = dwarf;
				ENABLE_STRICT_OBJC_MSGSEND = YES;
				ENABLE_TESTABILITY = YES;
				GCC_C_LANGUAGE_STANDARD = gnu99;
				GCC_DYNAMIC_NO_PIC = NO;
				GCC_NO_COMMON_BLOCKS = YES;
				GCC_OPTIMIZATION_LEVEL = 0;
				GCC_PREPROCESSOR_DEFINITIONS = (
					"DEBUG=1",
					"$(inherited)",
				);
				GCC_WARN_64_TO_32_BIT_CONVERSION = YES;
				GCC_WARN_ABOUT_RETURN_TYPE = YES_ERROR;
				GCC_WARN_UNDECLARED_SELECTOR = YES;
				GCC_WARN_UNINITIALIZED_AUTOS = YES_AGGRESSIVE;
				GCC_WARN_UNUSED_FUNCTION = YES;
				GCC_WARN_UNUSED_VARIABLE = YES;
				IPHONEOS_DEPLOYMENT_TARGET = 9.3;
				MTL_ENABLE_DEBUG_INFO = YES;
				ONLY_ACTIVE_ARCH = YES;
				SDKROOT = iphoneos;
				SWIFT_OPTIMIZATION_LEVEL = "-Onone";
			};
			name = Debug;
		};
		67F9EFC11CA4D9400037BEBB /* Release */ = {
			isa = XCBuildConfiguration;
			buildSettings = {
				ALWAYS_SEARCH_USER_PATHS = NO;
				CLANG_ANALYZER_NONNULL = YES;
				CLANG_CXX_LANGUAGE_STANDARD = "gnu++0x";
				CLANG_CXX_LIBRARY = "libc++";
				CLANG_ENABLE_MODULES = YES;
				CLANG_ENABLE_OBJC_ARC = YES;
				CLANG_WARN_BOOL_CONVERSION = YES;
				CLANG_WARN_CONSTANT_CONVERSION = YES;
				CLANG_WARN_DIRECT_OBJC_ISA_USAGE = YES_ERROR;
				CLANG_WARN_EMPTY_BODY = YES;
				CLANG_WARN_ENUM_CONVERSION = YES;
				CLANG_WARN_INT_CONVERSION = YES;
				CLANG_WARN_OBJC_ROOT_CLASS = YES_ERROR;
				CLANG_WARN_UNREACHABLE_CODE = YES;
				CLANG_WARN__DUPLICATE_METHOD_MATCH = YES;
				"CODE_SIGN_IDENTITY[sdk=iphoneos*]" = "iPhone Developer";
				COPY_PHASE_STRIP = NO;
				DEBUG_INFORMATION_FORMAT = "dwarf-with-dsym";
				ENABLE_NS_ASSERTIONS = NO;
				ENABLE_STRICT_OBJC_MSGSEND = YES;
				GCC_C_LANGUAGE_STANDARD = gnu99;
				GCC_NO_COMMON_BLOCKS = YES;
				GCC_WARN_64_TO_32_BIT_CONVERSION = YES;
				GCC_WARN_ABOUT_RETURN_TYPE = YES_ERROR;
				GCC_WARN_UNDECLARED_SELECTOR = YES;
				GCC_WARN_UNINITIALIZED_AUTOS = YES_AGGRESSIVE;
				GCC_WARN_UNUSED_FUNCTION = YES;
				GCC_WARN_UNUSED_VARIABLE = YES;
				IPHONEOS_DEPLOYMENT_TARGET = 9.3;
				MTL_ENABLE_DEBUG_INFO = NO;
				SDKROOT = iphoneos;
				VALIDATE_PRODUCT = YES;
			};
			name = Release;
		};
		67F9EFC31CA4D9400037BEBB /* Debug */ = {
			isa = XCBuildConfiguration;
			buildSettings = {
				ASSETCATALOG_COMPILER_APPICON_NAME = AppIcon;
				INFOPLIST_FILE = TinderLab/Info.plist;
				LD_RUNPATH_SEARCH_PATHS = "$(inherited) @executable_path/Frameworks";
				PRODUCT_BUNDLE_IDENTIFIER = com.codepath.TinderLab;
				PRODUCT_NAME = "$(TARGET_NAME)";
			};
			name = Debug;
		};
		67F9EFC41CA4D9400037BEBB /* Release */ = {
			isa = XCBuildConfiguration;
			buildSettings = {
				ASSETCATALOG_COMPILER_APPICON_NAME = AppIcon;
				INFOPLIST_FILE = TinderLab/Info.plist;
				LD_RUNPATH_SEARCH_PATHS = "$(inherited) @executable_path/Frameworks";
				PRODUCT_BUNDLE_IDENTIFIER = com.codepath.TinderLab;
				PRODUCT_NAME = "$(TARGET_NAME)";
			};
			name = Release;
		};
/* End XCBuildConfiguration section */

/* Begin XCConfigurationList section */
		67F9EFAB1CA4D9400037BEBB /* Build configuration list for PBXProject "TinderLab" */ = {
			isa = XCConfigurationList;
			buildConfigurations = (
				67F9EFC01CA4D9400037BEBB /* Debug */,
				67F9EFC11CA4D9400037BEBB /* Release */,
			);
			defaultConfigurationIsVisible = 0;
			defaultConfigurationName = Release;
		};
		67F9EFC21CA4D9400037BEBB /* Build configuration list for PBXNativeTarget "TinderLab" */ = {
			isa = XCConfigurationList;
			buildConfigurations = (
				67F9EFC31CA4D9400037BEBB /* Debug */,
				67F9EFC41CA4D9400037BEBB /* Release */,
			);
			defaultConfigurationIsVisible = 0;
		};
/* End XCConfigurationList section */
	};
	rootObject = 67F9EFA81CA4D9400037BEBB /* Project object */;
}
